
Microsoft Visual Studio Solution File, Format Version 12.00
# Visual Studio Version 16
VisualStudioVersion = 16.0.29306.81
MinimumVisualStudioVersion = 10.0.40219.1
Project("{FAE04EC0-301F-11D3-BF4B-00C04F79EFBC}") = "FriendMVC", "FriendMVC\FriendMVC.csproj", "{546D0487-5C08-4B1B-88AA-13587D337564}"
EndProject
Global
	GlobalSection(SolutionConfigurationPlatforms) = preSolution
		Debug|Any CPU = Debug|Any CPU
		Release|Any CPU = Release|Any CPU
	EndGlobalSection
	GlobalSection(ProjectConfigurationPlatforms) = postSolution
		{546D0487-5C08-4B1B-88AA-13587D337564}.Debug|Any CPU.ActiveCfg = Debug|Any CPU
		{546D0487-5C08-4B1B-88AA-13587D337564}.Debug|Any CPU.Build.0 = Debug|Any CPU
		{546D0487-5C08-4B1B-88AA-13587D337564}.Release|Any CPU.ActiveCfg = Release|Any CPU
		{546D0487-5C08-4B1B-88AA-13587D337564}.Release|Any CPU.Build.0 = Release|Any CPU
	EndGlobalSection
	GlobalSection(SolutionProperties) = preSolution
		HideSolutionNode = FALSE
	EndGlobalSection
	GlobalSection(ExtensibilityGlobals) = postSolution
		SolutionGuid = {44160EC8-F8D9-4194-8A3B-F09055C7B268}
	EndGlobalSection
EndGlobal
